
Microsoft Visual Studio Solution File, Format Version 12.00
# Visual Studio 2013
VisualStudioVersion = 12.0.31101.0
MinimumVisualStudioVersion = 10.0.40219.1
Project("{FAE04EC0-301F-11D3-BF4B-00C04F79EFBC}") = "MyStarStable.iOS", "MyStarStable.iOS\MyStarStable.iOS.csproj", "{5920E47E-4093-418D-A71C-43C7A9068C70}"
EndProject
Project("{FAE04EC0-301F-11D3-BF4B-00C04F79EFBC}") = "MyStarStable.Common", "MyStarStable.Common\MyStarStable.Common.csproj", "{2C037BD2-B005-4531-A3B4-B1ABD066D293}"
EndProject
Project("{FAE04EC0-301F-11D3-BF4B-00C04F79EFBC}") = "MyStarStable.Droid", "MyStarStable.Droid\MyStarStable.Droid.csproj", "{72B6E6F7-207C-4CC2-88F6-837E33935A88}"
	ProjectSection(ProjectDependencies) = postProject
		{2C037BD2-B005-4531-A3B4-B1ABD066D293} = {2C037BD2-B005-4531-A3B4-B1ABD066D293}
	EndProjectSection
EndProject
Global
	GlobalSection(SolutionConfigurationPlatforms) = preSolution
		Ad-Hoc|Any CPU = Ad-Hoc|Any CPU
		Ad-Hoc|iPhone = Ad-Hoc|iPhone
		Ad-Hoc|iPhoneSimulator = Ad-Hoc|iPhoneSimulator
		Ad-Hoc|Mixed Platforms = Ad-Hoc|Mixed Platforms
		AppStore|Any CPU = AppStore|Any CPU
		AppStore|iPhone = AppStore|iPhone
		AppStore|iPhoneSimulator = AppStore|iPhoneSimulator
		AppStore|Mixed Platforms = AppStore|Mixed Platforms
		Debug Droid|Any CPU = Debug Droid|Any CPU
		Debug Droid|iPhone = Debug Droid|iPhone
		Debug Droid|iPhoneSimulator = Debug Droid|iPhoneSimulator
		Debug Droid|Mixed Platforms = Debug Droid|Mixed Platforms
		Debug iOS|Any CPU = Debug iOS|Any CPU
		Debug iOS|iPhone = Debug iOS|iPhone
		Debug iOS|iPhoneSimulator = Debug iOS|iPhoneSimulator
		Debug iOS|Mixed Platforms = Debug iOS|Mixed Platforms
		Release Droid|Any CPU = Release Droid|Any CPU
		Release Droid|iPhone = Release Droid|iPhone
		Release Droid|iPhoneSimulator = Release Droid|iPhoneSimulator
		Release Droid|Mixed Platforms = Release Droid|Mixed Platforms
		Release iOS|Any CPU = Release iOS|Any CPU
		Release iOS|iPhone = Release iOS|iPhone
		Release iOS|iPhoneSimulator = Release iOS|iPhoneSimulator
		Release iOS|Mixed Platforms = Release iOS|Mixed Platforms
	EndGlobalSection
	GlobalSection(ProjectConfigurationPlatforms) = postSolution
		{5920E47E-4093-418D-A71C-43C7A9068C70}.Ad-Hoc|Any CPU.ActiveCfg = Ad-Hoc|iPhoneSimulator
		{5920E47E-4093-418D-A71C-43C7A9068C70}.Ad-Hoc|Any CPU.Build.0 = Ad-Hoc|iPhoneSimulator
		{5920E47E-4093-418D-A71C-43C7A9068C70}.Ad-Hoc|iPhone.ActiveCfg = Ad-Hoc|iPhone
		{5920E47E-4093-418D-A71C-43C7A9068C70}.Ad-Hoc|iPhone.Build.0 = Ad-Hoc|iPhone
		{5920E47E-4093-418D-A71C-43C7A9068C70}.Ad-Hoc|iPhoneSimulator.ActiveCfg = Ad-Hoc|iPhoneSimulator
		{5920E47E-4093-418D-A71C-43C7A9068C70}.Ad-Hoc|iPhoneSimulator.Build.0 = Ad-Hoc|iPhoneSimulator
		{5920E47E-4093-418D-A71C-43C7A9068C70}.Ad-Hoc|Mixed Platforms.ActiveCfg = Ad-Hoc|iPhone
		{5920E47E-4093-418D-A71C-43C7A9068C70}.Ad-Hoc|Mixed Platforms.Build.0 = Ad-Hoc|iPhone
		{5920E47E-4093-418D-A71C-43C7A9068C70}.AppStore|Any CPU.ActiveCfg = AppStore|iPhone
		{5920E47E-4093-418D-A71C-43C7A9068C70}.AppStore|Any CPU.Build.0 = AppStore|iPhone
		{5920E47E-4093-418D-A71C-43C7A9068C70}.AppStore|iPhone.ActiveCfg = AppStore|iPhone
		{5920E47E-4093-418D-A71C-43C7A9068C70}.AppStore|iPhone.Build.0 = AppStore|iPhone
		{5920E47E-4093-418D-A71C-43C7A9068C70}.AppStore|iPhoneSimulator.ActiveCfg = AppStore|iPhone
		{5920E47E-4093-418D-A71C-43C7A9068C70}.AppStore|iPhoneSimulator.Build.0 = AppStore|iPhone
		{5920E47E-4093-418D-A71C-43C7A9068C70}.AppStore|Mixed Platforms.ActiveCfg = AppStore|iPhone
		{5920E47E-4093-418D-A71C-43C7A9068C70}.AppStore|Mixed Platforms.Build.0 = AppStore|iPhone
		{5920E47E-4093-418D-A71C-43C7A9068C70}.Debug Droid|Any CPU.ActiveCfg = Debug|iPhone
		{5920E47E-4093-418D-A71C-43C7A9068C70}.Debug Droid|iPhone.ActiveCfg = Debug|iPhoneSimulator
		{5920E47E-4093-418D-A71C-43C7A9068C70}.Debug Droid|iPhone.Build.0 = Debug|iPhoneSimulator
		{5920E47E-4093-418D-A71C-43C7A9068C70}.Debug Droid|iPhoneSimulator.ActiveCfg = Debug|iPhoneSimulator
		{5920E47E-4093-418D-A71C-43C7A9068C70}.Debug Droid|iPhoneSimulator.Build.0 = Debug|iPhoneSimulator
		{5920E47E-4093-418D-A71C-43C7A9068C70}.Debug Droid|Mixed Platforms.ActiveCfg = Debug|iPhoneSimulator
		{5920E47E-4093-418D-A71C-43C7A9068C70}.Debug Droid|Mixed Platforms.Build.0 = Debug|iPhoneSimulator
		{5920E47E-4093-418D-A71C-43C7A9068C70}.Debug iOS|Any CPU.ActiveCfg = Debug|iPhone
		{5920E47E-4093-418D-A71C-43C7A9068C70}.Debug iOS|Any CPU.Build.0 = Debug|iPhone
		{5920E47E-4093-418D-A71C-43C7A9068C70}.Debug iOS|iPhone.ActiveCfg = Debug|iPhoneSimulator
		{5920E47E-4093-418D-A71C-43C7A9068C70}.Debug iOS|iPhone.Build.0 = Debug|iPhoneSimulator
		{5920E47E-4093-418D-A71C-43C7A9068C70}.Debug iOS|iPhoneSimulator.ActiveCfg = Debug|iPhoneSimulator
		{5920E47E-4093-418D-A71C-43C7A9068C70}.Debug iOS|iPhoneSimulator.Build.0 = Debug|iPhoneSimulator
		{5920E47E-4093-418D-A71C-43C7A9068C70}.Debug iOS|Mixed Platforms.ActiveCfg = Debug|iPhoneSimulator
		{5920E47E-4093-418D-A71C-43C7A9068C70}.Debug iOS|Mixed Platforms.Build.0 = Debug|iPhoneSimulator
		{5920E47E-4093-418D-A71C-43C7A9068C70}.Release Droid|Any CPU.ActiveCfg = Release|iPhoneSimulator
		{5920E47E-4093-418D-A71C-43C7A9068C70}.Release Droid|iPhone.ActiveCfg = Release|iPhone
		{5920E47E-4093-418D-A71C-43C7A9068C70}.Release Droid|iPhone.Build.0 = Release|iPhone
		{5920E47E-4093-418D-A71C-43C7A9068C70}.Release Droid|iPhoneSimulator.ActiveCfg = Release|iPhoneSimulator
		{5920E47E-4093-418D-A71C-43C7A9068C70}.Release Droid|iPhoneSimulator.Build.0 = Release|iPhoneSimulator
		{5920E47E-4093-418D-A71C-43C7A9068C70}.Release Droid|Mixed Platforms.ActiveCfg = Release|iPhone
		{5920E47E-4093-418D-A71C-43C7A9068C70}.Release Droid|Mixed Platforms.Build.0 = Release|iPhone
		{5920E47E-4093-418D-A71C-43C7A9068C70}.Release iOS|Any CPU.ActiveCfg = Release|iPhoneSimulator
		{5920E47E-4093-418D-A71C-43C7A9068C70}.Release iOS|Any CPU.Build.0 = Release|iPhoneSimulator
		{5920E47E-4093-418D-A71C-43C7A9068C70}.Release iOS|iPhone.ActiveCfg = Release|iPhone
		{5920E47E-4093-418D-A71C-43C7A9068C70}.Release iOS|iPhone.Build.0 = Release|iPhone
		{5920E47E-4093-418D-A71C-43C7A9068C70}.Release iOS|iPhoneSimulator.ActiveCfg = Release|iPhone
		{5920E47E-4093-418D-A71C-43C7A9068C70}.Release iOS|iPhoneSimulator.Build.0 = Release|iPhone
		{5920E47E-4093-418D-A71C-43C7A9068C70}.Release iOS|Mixed Platforms.ActiveCfg = Release|iPhone
		{5920E47E-4093-418D-A71C-43C7A9068C70}.Release iOS|Mixed Platforms.Build.0 = Release|iPhone
		{2C037BD2-B005-4531-A3B4-B1ABD066D293}.Ad-Hoc|Any CPU.ActiveCfg = Release|Any CPU
		{2C037BD2-B005-4531-A3B4-B1ABD066D293}.Ad-Hoc|Any CPU.Build.0 = Release|Any CPU
		{2C037BD2-B005-4531-A3B4-B1ABD066D293}.Ad-Hoc|iPhone.ActiveCfg = Release|Any CPU
		{2C037BD2-B005-4531-A3B4-B1ABD066D293}.Ad-Hoc|iPhone.Build.0 = Release|Any CPU
		{2C037BD2-B005-4531-A3B4-B1ABD066D293}.Ad-Hoc|iPhoneSimulator.ActiveCfg = Release|Any CPU
		{2C037BD2-B005-4531-A3B4-B1ABD066D293}.Ad-Hoc|iPhoneSimulator.Build.0 = Release|Any CPU
		{2C037BD2-B005-4531-A3B4-B1ABD066D293}.Ad-Hoc|Mixed Platforms.ActiveCfg = Release|Any CPU
		{2C037BD2-B005-4531-A3B4-B1ABD066D293}.Ad-Hoc|Mixed Platforms.Build.0 = Release|Any CPU
		{2C037BD2-B005-4531-A3B4-B1ABD066D293}.AppStore|Any CPU.ActiveCfg = Release|Any CPU
		{2C037BD2-B005-4531-A3B4-B1ABD066D293}.AppStore|Any CPU.Build.0 = Release|Any CPU
		{2C037BD2-B005-4531-A3B4-B1ABD066D293}.AppStore|iPhone.ActiveCfg = Release|Any CPU
		{2C037BD2-B005-4531-A3B4-B1ABD066D293}.AppStore|iPhone.Build.0 = Release|Any CPU
		{2C037BD2-B005-4531-A3B4-B1ABD066D293}.AppStore|iPhoneSimulator.ActiveCfg = Release|Any CPU
		{2C037BD2-B005-4531-A3B4-B1ABD066D293}.AppStore|iPhoneSimulator.Build.0 = Release|Any CPU
		{2C037BD2-B005-4531-A3B4-B1ABD066D293}.AppStore|Mixed Platforms.ActiveCfg = Release|Any CPU
		{2C037BD2-B005-4531-A3B4-B1ABD066D293}.AppStore|Mixed Platforms.Build.0 = Release|Any CPU
		{2C037BD2-B005-4531-A3B4-B1ABD066D293}.Debug Droid|Any CPU.ActiveCfg = Debug|Any CPU
		{2C037BD2-B005-4531-A3B4-B1ABD066D293}.Debug Droid|Any CPU.Build.0 = Debug|Any CPU
		{2C037BD2-B005-4531-A3B4-B1ABD066D293}.Debug Droid|iPhone.ActiveCfg = Debug|Any CPU
		{2C037BD2-B005-4531-A3B4-B1ABD066D293}.Debug Droid|iPhone.Build.0 = Debug|Any CPU
		{2C037BD2-B005-4531-A3B4-B1ABD066D293}.Debug Droid|iPhoneSimulator.ActiveCfg = Debug|Any CPU
		{2C037BD2-B005-4531-A3B4-B1ABD066D293}.Debug Droid|iPhoneSimulator.Build.0 = Debug|Any CPU
		{2C037BD2-B005-4531-A3B4-B1ABD066D293}.Debug Droid|Mixed Platforms.ActiveCfg = Debug|Any CPU
		{2C037BD2-B005-4531-A3B4-B1ABD066D293}.Debug Droid|Mixed Platforms.Build.0 = Debug|Any CPU
		{2C037BD2-B005-4531-A3B4-B1ABD066D293}.Debug iOS|Any CPU.ActiveCfg = Debug|Any CPU
		{2C037BD2-B005-4531-A3B4-B1ABD066D293}.Debug iOS|Any CPU.Build.0 = Debug|Any CPU
		{2C037BD2-B005-4531-A3B4-B1ABD066D293}.Debug iOS|iPhone.ActiveCfg = Debug|Any CPU
		{2C037BD2-B005-4531-A3B4-B1ABD066D293}.Debug iOS|iPhone.Build.0 = Debug|Any CPU
		{2C037BD2-B005-4531-A3B4-B1ABD066D293}.Debug iOS|iPhoneSimulator.ActiveCfg = Debug|Any CPU
		{2C037BD2-B005-4531-A3B4-B1ABD066D293}.Debug iOS|iPhoneSimulator.Build.0 = Debug|Any CPU
		{2C037BD2-B005-4531-A3B4-B1ABD066D293}.Debug iOS|Mixed Platforms.ActiveCfg = Debug|Any CPU
		{2C037BD2-B005-4531-A3B4-B1ABD066D293}.Debug iOS|Mixed Platforms.Build.0 = Debug|Any CPU
		{2C037BD2-B005-4531-A3B4-B1ABD066D293}.Release Droid|Any CPU.ActiveCfg = Release|Any CPU
		{2C037BD2-B005-4531-A3B4-B1ABD066D293}.Release Droid|Any CPU.Build.0 = Release|Any CPU
		{2C037BD2-B005-4531-A3B4-B1ABD066D293}.Release Droid|iPhone.ActiveCfg = Release|Any CPU
		{2C037BD2-B005-4531-A3B4-B1ABD066D293}.Release Droid|iPhone.Build.0 = Release|Any CPU
		{2C037BD2-B005-4531-A3B4-B1ABD066D293}.Release Droid|iPhoneSimulator.ActiveCfg = Release|Any CPU
		{2C037BD2-B005-4531-A3B4-B1ABD066D293}.Release Droid|iPhoneSimulator.Build.0 = Release|Any CPU
		{2C037BD2-B005-4531-A3B4-B1ABD066D293}.Release Droid|Mixed Platforms.ActiveCfg = Release|Any CPU
		{2C037BD2-B005-4531-A3B4-B1ABD066D293}.Release Droid|Mixed Platforms.Build.0 = Release|Any CPU
		{2C037BD2-B005-4531-A3B4-B1ABD066D293}.Release iOS|Any CPU.ActiveCfg = Release|Any CPU
		{2C037BD2-B005-4531-A3B4-B1ABD066D293}.Release iOS|Any CPU.Build.0 = Release|Any CPU
		{2C037BD2-B005-4531-A3B4-B1ABD066D293}.Release iOS|iPhone.ActiveCfg = Release|Any CPU
		{2C037BD2-B005-4531-A3B4-B1ABD066D293}.Release iOS|iPhone.Build.0 = Release|Any CPU
		{2C037BD2-B005-4531-A3B4-B1ABD066D293}.Release iOS|iPhoneSimulator.ActiveCfg = Release|Any CPU
		{2C037BD2-B005-4531-A3B4-B1ABD066D293}.Release iOS|iPhoneSimulator.Build.0 = Release|Any CPU
		{2C037BD2-B005-4531-A3B4-B1ABD066D293}.Release iOS|Mixed Platforms.ActiveCfg = Release|Any CPU
		{2C037BD2-B005-4531-A3B4-B1ABD066D293}.Release iOS|Mixed Platforms.Build.0 = Release|Any CPU
		{72B6E6F7-207C-4CC2-88F6-837E33935A88}.Ad-Hoc|Any CPU.ActiveCfg = Release|Any CPU
		{72B6E6F7-207C-4CC2-88F6-837E33935A88}.Ad-Hoc|iPhone.ActiveCfg = Release|Any CPU
		{72B6E6F7-207C-4CC2-88F6-837E33935A88}.Ad-Hoc|iPhoneSimulator.ActiveCfg = Release|Any CPU
		{72B6E6F7-207C-4CC2-88F6-837E33935A88}.Ad-Hoc|Mixed Platforms.ActiveCfg = Release|Any CPU
		{72B6E6F7-207C-4CC2-88F6-837E33935A88}.Ad-Hoc|Mixed Platforms.Build.0 = Release|Any CPU
		{72B6E6F7-207C-4CC2-88F6-837E33935A88}.Ad-Hoc|Mixed Platforms.Deploy.0 = Release|Any CPU
		{72B6E6F7-207C-4CC2-88F6-837E33935A88}.AppStore|Any CPU.ActiveCfg = Release|Any CPU
		{72B6E6F7-207C-4CC2-88F6-837E33935A88}.AppStore|iPhone.ActiveCfg = Release|Any CPU
		{72B6E6F7-207C-4CC2-88F6-837E33935A88}.AppStore|iPhoneSimulator.ActiveCfg = Release|Any CPU
		{72B6E6F7-207C-4CC2-88F6-837E33935A88}.AppStore|Mixed Platforms.ActiveCfg = Release|Any CPU
		{72B6E6F7-207C-4CC2-88F6-837E33935A88}.AppStore|Mixed Platforms.Build.0 = Release|Any CPU
		{72B6E6F7-207C-4CC2-88F6-837E33935A88}.AppStore|Mixed Platforms.Deploy.0 = Release|Any CPU
		{72B6E6F7-207C-4CC2-88F6-837E33935A88}.Debug Droid|Any CPU.ActiveCfg = Debug|Any CPU
		{72B6E6F7-207C-4CC2-88F6-837E33935A88}.Debug Droid|Any CPU.Build.0 = Debug|Any CPU
		{72B6E6F7-207C-4CC2-88F6-837E33935A88}.Debug Droid|Any CPU.Deploy.0 = Debug|Any CPU
		{72B6E6F7-207C-4CC2-88F6-837E33935A88}.Debug Droid|iPhone.ActiveCfg = Debug|Any CPU
		{72B6E6F7-207C-4CC2-88F6-837E33935A88}.Debug Droid|iPhoneSimulator.ActiveCfg = Debug|Any CPU
		{72B6E6F7-207C-4CC2-88F6-837E33935A88}.Debug Droid|Mixed Platforms.ActiveCfg = Debug|Any CPU
		{72B6E6F7-207C-4CC2-88F6-837E33935A88}.Debug Droid|Mixed Platforms.Build.0 = Debug|Any CPU
		{72B6E6F7-207C-4CC2-88F6-837E33935A88}.Debug Droid|Mixed Platforms.Deploy.0 = Debug|Any CPU
		{72B6E6F7-207C-4CC2-88F6-837E33935A88}.Debug iOS|Any CPU.ActiveCfg = Debug|Any CPU
		{72B6E6F7-207C-4CC2-88F6-837E33935A88}.Debug iOS|iPhone.ActiveCfg = Debug|Any CPU
		{72B6E6F7-207C-4CC2-88F6-837E33935A88}.Debug iOS|iPhoneSimulator.ActiveCfg = Debug|Any CPU
		{72B6E6F7-207C-4CC2-88F6-837E33935A88}.Debug iOS|Mixed Platforms.ActiveCfg = Debug|Any CPU
		{72B6E6F7-207C-4CC2-88F6-837E33935A88}.Debug iOS|Mixed Platforms.Build.0 = Debug|Any CPU
		{72B6E6F7-207C-4CC2-88F6-837E33935A88}.Debug iOS|Mixed Platforms.Deploy.0 = Debug|Any CPU
		{72B6E6F7-207C-4CC2-88F6-837E33935A88}.Release Droid|Any CPU.ActiveCfg = Release|Any CPU
		{72B6E6F7-207C-4CC2-88F6-837E33935A88}.Release Droid|Any CPU.Build.0 = Release|Any CPU
		{72B6E6F7-207C-4CC2-88F6-837E33935A88}.Release Droid|Any CPU.Deploy.0 = Release|Any CPU
		{72B6E6F7-207C-4CC2-88F6-837E33935A88}.Release Droid|iPhone.ActiveCfg = Release|Any CPU
		{72B6E6F7-207C-4CC2-88F6-837E33935A88}.Release Droid|iPhoneSimulator.ActiveCfg = Release|Any CPU
		{72B6E6F7-207C-4CC2-88F6-837E33935A88}.Release Droid|Mixed Platforms.ActiveCfg = Release|Any CPU
		{72B6E6F7-207C-4CC2-88F6-837E33935A88}.Release Droid|Mixed Platforms.Build.0 = Release|Any CPU
		{72B6E6F7-207C-4CC2-88F6-837E33935A88}.Release Droid|Mixed Platforms.Deploy.0 = Release|Any CPU
		{72B6E6F7-207C-4CC2-88F6-837E33935A88}.Release iOS|Any CPU.ActiveCfg = Release|Any CPU
		{72B6E6F7-207C-4CC2-88F6-837E33935A88}.Release iOS|iPhone.ActiveCfg = Release|Any CPU
		{72B6E6F7-207C-4CC2-88F6-837E33935A88}.Release iOS|iPhoneSimulator.ActiveCfg = Release|Any CPU
		{72B6E6F7-207C-4CC2-88F6-837E33935A88}.Release iOS|Mixed Platforms.ActiveCfg = Release|Any CPU
		{72B6E6F7-207C-4CC2-88F6-837E33935A88}.Release iOS|Mixed Platforms.Build.0 = Release|Any CPU
		{72B6E6F7-207C-4CC2-88F6-837E33935A88}.Release iOS|Mixed Platforms.Deploy.0 = Release|Any CPU
	EndGlobalSection
	GlobalSection(SolutionProperties) = preSolution
		HideSolutionNode = FALSE
	EndGlobalSection
EndGlobal
